# THIS IS AN AUTOGENERATED FILE. DO NOT EDIT THIS FILE DIRECTLY.
# yarn lockfile v1


"@babel/code-frame@^7.28.6", "@babel/code-frame@^7.29.0":
  version "7.29.0"
  resolved "https://registry.yarnpkg.com/@babel/code-frame/-/code-frame-7.29.0.tgz#7cd7a59f15b3cc0dcd803038f7792712a7d0b15c"
  integrity sha512-9NhCeYjq9+3uxgdtp20LSiJXJvN0FeCtNGpJxuMFZ1Kv3cWUNb6DOhJwUvcVCzKGR66cw4njwM6hrJLqgOwbcw==
  dependencies:
    "@babel/helper-validator-identifier" "^7.28.5"
    js-tokens "^4.0.0"
    picocolors "^1.1.1"

"@babel/generator@^7.29.0":
  version "7.29.1"
  resolved "https://registry.yarnpkg.com/@babel/generator/-/generator-7.29.1.tgz#d09876290111abbb00ef962a7b83a5307fba0d50"
  integrity sha512-qsaF+9Qcm2Qv8SRIMMscAvG4O3lJ0F1GuMo5HR/Bp02LopNgnZBC/EkbevHFeGs4ls/oPz9v+Bsmzbkbe+0dUw==
  dependencies:
    "@babel/parser" "^7.29.0"
    "@babel/types" "^7.29.0"
    "@jridgewell/gen-mapping" "^0.3.12"
    "@jridgewell/trace-mapping" "^0.3.28"
    jsesc "^3.0.2"

"@babel/helper-annotate-as-pure@^7.27.3":
  version "7.27.3"
  resolved "https://registry.yarnpkg.com/@babel/helper-annotate-as-pure/-/helper-annotate-as-pure-7.27.3.tgz#f31fd86b915fc4daf1f3ac6976c59be7084ed9c5"
  integrity sha512-fXSwMQqitTGeHLBC08Eq5yXz2m37E4pJX1qAU1+2cNedz/ifv/bVXft90VeSav5nFO61EcNgwr0aJxbyPaWBPg==
  dependencies:
    "@babel/types" "^7.27.3"

"@babel/helper-create-class-features-plugin@^7.28.6":
  version "7.28.6"
  resolved "https://registry.yarnpkg.com/@babel/helper-create-class-features-plugin/-/helper-create-class-features-plugin-7.28.6.tgz#611ff5482da9ef0db6291bcd24303400bca170fb"
  integrity sha512-dTOdvsjnG3xNT9Y0AUg1wAl38y+4Rl4sf9caSQZOXdNqVn+H+HbbJ4IyyHaIqNR6SW9oJpA/RuRjsjCw2IdIow==
  dependencies:
    "@babel/helper-annotate-as-pure" "^7.27.3"
    "@babel/helper-member-expression-to-functions" "^7.28.5"
    "@babel/helper-optimise-call-expression" "^7.27.1"
    "@babel/helper-replace-supers" "^7.28.6"
    "@babel/helper-skip-transparent-expression-wrappers" "^7.27.1"
    "@babel/traverse" "^7.28.6"
    semver "^6.3.1"

"@babel/helper-globals@^7.28.0":
  version "7.28.0"
  resolved "https://registry.yarnpkg.com/@babel/helper-globals/-/helper-globals-7.28.0.tgz#b9430df2aa4e17bc28665eadeae8aa1d985e6674"
  integrity sha512-+W6cISkXFa1jXsDEdYA8HeevQT/FULhxzR99pxphltZcVaugps53THCeiWA8SguxxpSp3gKPiuYfSWopkLQ4hw==

"@babel/helper-member-expression-to-functions@^7.28.5":
  version "7.28.5"
  resolved "https://registry.yarnpkg.com/@babel/helper-member-expression-to-functions/-/helper-member-expression-to-functions-7.28.5.tgz#f3e07a10be37ed7a63461c63e6929575945a6150"
  integrity sha512-cwM7SBRZcPCLgl8a7cY0soT1SptSzAlMH39vwiRpOQkJlh53r5hdHwLSCZpQdVLT39sZt+CRpNwYG4Y2v77atg==
  dependencies:
    "@babel/traverse" "^7.28.5"
    "@babel/types" "^7.28.5"

"@babel/helper-optimise-call-expression@^7.27.1":
  version "7.27.1"
  resolved "https://registry.yarnpkg.com/@babel/helper-optimise-call-expression/-/helper-optimise-call-expression-7.27.1.tgz#c65221b61a643f3e62705e5dd2b5f115e35f9200"
  integrity sha512-URMGH08NzYFhubNSGJrpUEphGKQwMQYBySzat5cAByY1/YgIRkULnIy3tAMeszlL/so2HbeilYloUmSpd7GdVw==
  dependencies:
    "@babel/types" "^7.27.1"

"@babel/helper-plugin-utils@^7.28.6":
  version "7.28.6"
  resolved "https://registry.yarnpkg.com/@babel/helper-plugin-utils/-/helper-plugin-utils-7.28.6.tgz#6f13ea251b68c8532e985fd532f28741a8af9ac8"
  integrity sha512-S9gzZ/bz83GRysI7gAD4wPT/AI3uCnY+9xn+Mx/KPs2JwHJIz1W8PZkg2cqyt3RNOBM8ejcXhV6y8Og7ly/Dug==

"@babel/helper-replace-supers@^7.28.6":
  version "7.28.6"
  resolved "https://registry.yarnpkg.com/@babel/helper-replace-supers/-/helper-replace-supers-7.28.6.tgz#94aa9a1d7423a00aead3f204f78834ce7d53fe44"
  integrity sha512-mq8e+laIk94/yFec3DxSjCRD2Z0TAjhVbEJY3UQrlwVo15Lmt7C2wAUbK4bjnTs4APkwsYLTahXRraQXhb1WCg==
  dependencies:
    "@babel/helper-member-expression-to-functions" "^7.28.5"
    "@babel/helper-optimise-call-expression" "^7.27.1"
    "@babel/traverse" "^7.28.6"

"@babel/helper-skip-transparent-expression-wrappers@^7.27.1":
  version "7.27.1"
  resolved "https://registry.yarnpkg.com/@babel/helper-skip-transparent-expression-wrappers/-/helper-skip-transparent-expression-wrappers-7.27.1.tgz#62bb91b3abba8c7f1fec0252d9dbea11b3ee7a56"
  integrity sha512-Tub4ZKEXqbPjXgWLl2+3JpQAYBJ8+ikpQ2Ocj/q/r0LwE3UhENh7EUabyHjz2kCEsrRY83ew2DQdHluuiDQFzg==
  dependencies:
    "@babel/traverse" "^7.27.1"
    "@babel/types" "^7.27.1"

"@babel/helper-string-parser@^7.27.1":
  version "7.27.1"
  resolved "https://registry.yarnpkg.com/@babel/helper-string-parser/-/helper-string-parser-7.27.1.tgz#54da796097ab19ce67ed9f88b47bb2ec49367687"
  integrity sha512-qMlSxKbpRlAridDExk92nSobyDdpPijUq2DW6oDnUqd0iOGxmQjyqhMIihI9+zv4LPyZdRje2cavWPbCbWm3eA==

"@babel/helper-validator-identifier@^7.28.5":
  version "7.28.5"
  resolved "https://registry.yarnpkg.com/@babel/helper-validator-identifier/-/helper-validator-identifier-7.28.5.tgz#010b6938fab7cb7df74aa2bbc06aa503b8fe5fb4"
  integrity sha512-qSs4ifwzKJSV39ucNjsvc6WVHs6b7S03sOh2OcHF9UHfVPqWWALUsNUVzhSBiItjRZoLHx7nIarVjqKVusUZ1Q==

"@babel/parser@^7.28.6", "@babel/parser@^7.29.0":
  version "7.29.0"
  resolved "https://registry.yarnpkg.com/@babel/parser/-/parser-7.29.0.tgz#669ef345add7d057e92b7ed15f0bac07611831b6"
  integrity sha512-IyDgFV5GeDUVX4YdF/3CPULtVGSXXMLh1xVIgdCgxApktqnQV0r7/8Nqthg+8YLGaAtdyIlo2qIdZrbCv4+7ww==
  dependencies:
    "@babel/types" "^7.29.0"

"@babel/plugin-syntax-typescript@^7.28.6":
  version "7.28.6"
  resolved "https://registry.yarnpkg.com/@babel/plugin-syntax-typescript/-/plugin-syntax-typescript-7.28.6.tgz#c7b2ddf1d0a811145b1de800d1abd146af92e3a2"
  integrity sha512-+nDNmQye7nlnuuHDboPbGm00Vqg3oO8niRRL27/4LYHUsHYh0zJ1xWOz0uRwNFmM1Avzk8wZbc6rdiYhomzv/A==
  dependencies:
    "@babel/helper-plugin-utils" "^7.28.6"

"@babel/plugin-transform-typescript@^7.25.2":
  version "7.28.6"
  resolved "https://registry.yarnpkg.com/@babel/plugin-transform-typescript/-/plugin-transform-typescript-7.28.6.tgz#1e93d96da8adbefdfdade1d4956f73afa201a158"
  integrity sha512-0YWL2RFxOqEm9Efk5PvreamxPME8OyY0wM5wh5lHjF+VtVhdneCWGzZeSqzOfiobVqQaNCd2z0tQvnI9DaPWPw==
  dependencies:
    "@babel/helper-annotate-as-pure" "^7.27.3"
    "@babel/helper-create-class-features-plugin" "^7.28.6"
    "@babel/helper-plugin-utils" "^7.28.6"
    "@babel/helper-skip-transparent-expression-wrappers" "^7.27.1"
    "@babel/plugin-syntax-typescript" "^7.28.6"

"@babel/runtime@^7.12.5":
  version "7.28.6"
  resolved "https://registry.yarnpkg.com/@babel/runtime/-/runtime-7.28.6.tgz#d267a43cb1836dc4d182cce93ae75ba954ef6d2b"
  integrity sha512-05WQkdpL9COIMz4LjTxGpPNCdlpyimKppYNoJ5Di5EUObifl8t4tuLuUBBZEpoLYOmfvIWrsp9fCl0HoPRVTdA==

"@babel/template@^7.28.6":
  version "7.28.6"
  resolved "https://registry.yarnpkg.com/@babel/template/-/template-7.28.6.tgz#0e7e56ecedb78aeef66ce7972b082fce76a23e57"
  integrity sha512-YA6Ma2KsCdGb+WC6UpBVFJGXL58MDA6oyONbjyF/+5sBgxY/dwkhLogbMT2GXXyU84/IhRw/2D1Os1B/giz+BQ==
  dependencies:
    "@babel/code-frame" "^7.28.6"
    "@babel/parser" "^7.28.6"
    "@babel/types" "^7.28.6"

"@babel/traverse@^7.27.1", "@babel/traverse@^7.28.5", "@babel/traverse@^7.28.6":
  version "7.29.0"
  resolved "https://registry.yarnpkg.com/@babel/traverse/-/traverse-7.29.0.tgz#f323d05001440253eead3c9c858adbe00b90310a"
  integrity sha512-4HPiQr0X7+waHfyXPZpWPfWL/J7dcN1mx9gL6WdQVMbPnF3+ZhSMs8tCxN7oHddJE9fhNE7+lxdnlyemKfJRuA==
  dependencies:
    "@babel/code-frame" "^7.29.0"
    "@babel/generator" "^7.29.0"
    "@babel/helper-globals" "^7.28.0"
    "@babel/parser" "^7.29.0"
    "@babel/template" "^7.28.6"
    "@babel/types" "^7.29.0"
    debug "^4.3.1"

"@babel/types@^7.27.1", "@babel/types@^7.27.3", "@babel/types@^7.28.5", "@babel/types@^7.28.6", "@babel/types@^7.29.0":
  version "7.29.0"
  resolved "https://registry.yarnpkg.com/@babel/types/-/types-7.29.0.tgz#9f5b1e838c446e72cf3cd4b918152b8c605e37c7"
  integrity sha512-LwdZHpScM4Qz8Xw2iKSzS+cfglZzJGvofQICy7W7v4caru4EaAmyUuO6BGrbyQ2mYV11W0U8j5mBhd14dd3B0A==
  dependencies:
    "@babel/helper-string-parser" "^7.27.1"
    "@babel/helper-validator-identifier" "^7.28.5"

"@jridgewell/gen-mapping@^0.3.12":
  version "0.3.13"
  resolved "https://registry.yarnpkg.com/@jridgewell/gen-mapping/-/gen-mapping-0.3.13.tgz#6342a19f44347518c93e43b1ac69deb3c4656a1f"
  integrity sha512-2kkt/7niJ6MgEPxF0bYdQ6etZaA+fQvDcLKckhy1yIQOzaoKjBBjSj63/aLVjYE3qhRt5dvM+uUyfCg6UKCBbA==
  dependencies:
    "@jridgewell/sourcemap-codec" "^1.5.0"
    "@jridgewell/trace-mapping" "^0.3.24"

"@jridgewell/resolve-uri@^3.1.0":
  version "3.1.2"
  resolved "https://registry.yarnpkg.com/@jridgewell/resolve-uri/-/resolve-uri-3.1.2.tgz#7a0ee601f60f99a20c7c7c5ff0c80388c1189bd6"
  integrity sha512-bRISgCIjP20/tbWSPWMEi54QVPRZExkuD9lJL+UIxUKtwVJA8wW1Trb1jMs1RFXo1CBTNZ/5hpC9QvmKWdopKw==

"@jridgewell/sourcemap-codec@^1.4.14", "@jridgewell/sourcemap-codec@^1.5.0":
  version "1.5.5"
  resolved "https://registry.yarnpkg.com/@jridgewell/sourcemap-codec/-/sourcemap-codec-1.5.5.tgz#6912b00d2c631c0d15ce1a7ab57cd657f2a8f8ba"
  integrity sha512-cYQ9310grqxueWbl+WuIUIaiUaDcj7WOq5fVhEljNVgRfOUhY9fy2zTvfoqWsnebh8Sl70VScFbICvJnLKB0Og==

"@jridgewell/trace-mapping@^0.3.24", "@jridgewell/trace-mapping@^0.3.28":
  version "0.3.31"
  resolved "https://registry.yarnpkg.com/@jridgewell/trace-mapping/-/trace-mapping-0.3.31.tgz#db15d6781c931f3a251a3dac39501c98a6082fd0"
  integrity sha512-zzNR+SdQSDJzc8joaeP8QQoCQr8NuYx2dIIytl1QeBEZHJ9uW6hebsrYgbz8hJwUQao3TWCMtmfV8Nu1twOLAw==
  dependencies:
    "@jridgewell/resolve-uri" "^3.1.0"
    "@jridgewell/sourcemap-codec" "^1.4.14"

"@testing-library/react@^16.3.2":
  version "16.3.2"
  resolved "https://registry.yarnpkg.com/@testing-library/react/-/react-16.3.2.tgz#672883b7acb8e775fc0492d9e9d25e06e89786d0"
  integrity sha512-XU5/SytQM+ykqMnAnvB2umaJNIOsLF3PVv//1Ew4CTcpz0/BRyy/af40qqrt7SjKpDdT1saBMc42CUok5gaw+g==
  dependencies:
    "@babel/runtime" "^7.12.5"

"@testing-library/user-event@^14.6.1":
  version "14.6.1"
  resolved "https://registry.yarnpkg.com/@testing-library/user-event/-/user-event-14.6.1.tgz#13e09a32d7a8b7060fe38304788ebf4197cd2149"
  integrity sha512-vq7fv0rnt+QTXgPxr5Hjc210p6YKq2kmdziLgnsZGgLJ9e6VAShx1pACLuRjd/AS/sr7phAR58OIIpf0LlmQNw==

asap@~2.0.3:
  version "2.0.6"
  resolved "https://registry.yarnpkg.com/asap/-/asap-2.0.6.tgz#e50347611d7e690943208bbdafebcbc2fb866d46"
  integrity sha512-BSHWgDSAiKs50o2Re8ppvp3seVHXSRM44cdSsT9FfNEUUZLOGWVCsiWaRPWM1Znn+mqZ1OfVZ3z3DWEzSp7hRA==

commander@^14.0.1:
  version "14.0.3"
  resolved "https://registry.yarnpkg.com/commander/-/commander-14.0.3.tgz#425d79b48f9af82fcd9e4fc1ea8af6c5ec07bbc2"
  integrity sha512-H+y0Jo/T1RZ9qPP4Eh1pkcQcLRglraJaSLoyOtHxu6AapkjWVCy2Sit1QQ4x3Dng8qDlSsZEet7g5Pq06MvTgw==

cross-fetch@^3.1.5:
  version "3.2.0"
  resolved "https://registry.yarnpkg.com/cross-fetch/-/cross-fetch-3.2.0.tgz#34e9192f53bc757d6614304d9e5e6fb4edb782e3"
  integrity sha512-Q+xVJLoGOeIMXZmbUK4HYk+69cQH6LudR0Vu/pRm2YlU/hDV9CiS0gKUMaWY5f2NeUH9C1nV3bsTlCo0FsTV1Q==
  dependencies:
    node-fetch "^2.7.0"

debug@^4.3.1:
  version "4.4.3"
  resolved "https://registry.yarnpkg.com/debug/-/debug-4.4.3.tgz#c6ae432d9bd9662582fce08709b038c58e9e3d6a"
  integrity sha512-RGwwWnwQvkVfavKVt22FGLw+xYSdzARwm0ru6DhTVA3umU5hZc28V3kO4stgYryrTlLpuvgI9GiijltAjNbcqA==
  dependencies:
    ms "^2.1.3"

fbjs-css-vars@^1.0.0:
  version "1.0.2"
  resolved "https://registry.yarnpkg.com/fbjs-css-vars/-/fbjs-css-vars-1.0.2.tgz#216551136ae02fe255932c3ec8775f18e2c078b8"
  integrity sha512-b2XGFAFdWZWg0phtAWLHCk836A1Xann+I+Dgd3Gk64MHKZO44FfoD1KxyvbSh0qZsIoXQGGlVztIY+oitJPpRQ==

fbjs@^3.0.2:
  version "3.0.5"
  resolved "https://registry.yarnpkg.com/fbjs/-/fbjs-3.0.5.tgz#aa0edb7d5caa6340011790bd9249dbef8a81128d"
  integrity sha512-ztsSx77JBtkuMrEypfhgc3cI0+0h+svqeie7xHbh1k/IKdcydnvadp/mUaGgjAOXQmQSxsqgaRhS3q9fy+1kxg==
  dependencies:
    cross-fetch "^3.1.5"
    fbjs-css-vars "^1.0.0"
    loose-envify "^1.0.0"
    object-assign "^4.1.0"
    promise "^7.1.1"
    setimmediate "^1.0.5"
    ua-parser-js "^1.0.35"

graphql@16.1.0-experimental-stream-defer.6:
  version "16.1.0-experimental-stream-defer.6"
  resolved "https://registry.yarnpkg.com/graphql/-/graphql-16.1.0-experimental-stream-defer.6.tgz#8f00e27b11cf2c71ddec0350c663270cd3230659"
  integrity sha512-qNedUtVDai94Ptxz7IXHoQR/GU27cuC/SfAU2CogIEfOflr7tW52GTnAF9SDa2i8gneowK0Ye5vyeQUJpGRvAQ==

graphql@^16.11.0:
  version "16.13.1"
  resolved "https://registry.yarnpkg.com/graphql/-/graphql-16.13.1.tgz#38ae5c76fbc4a009e0004dca6c76c370a1da7b54"
  integrity sha512-gGgrVCoDKlIZ8fIqXBBb0pPKqDgki0Z/FSKNiQzSGj2uEYHr1tq5wmBegGwJx6QB5S5cM0khSBpi/JFHMCvsmQ==

grats@^0.0.34:
  version "0.0.34"
  resolved "https://registry.yarnpkg.com/grats/-/grats-0.0.34.tgz#4e685bade5c33babe262384e04de5747fd8059a4"
  integrity sha512-rvg1bSMLeGyed41EKEe6adIYtZ3WLwQSjV82k/Qz89GoFOeGonk6gPua4L1BsC+ktivuDkAIlGDi5iF5Ai9lBA==
  dependencies:
    commander "^14.0.1"
    graphql "^16.11.0"
    semver "^7.7.2"
    typescript "5.9.2"

"js-tokens@^3.0.0 || ^4.0.0", js-tokens@^4.0.0:
  version "4.0.0"
  resolved "https://registry.yarnpkg.com/js-tokens/-/js-tokens-4.0.0.tgz#19203fb59991df98e3a287050d4647cdeaf32499"
  integrity sha512-RdJUflcE3cUzKiMqQgsCu06FPu9UdIJO0beYbPhHN4k6apgJtifcoCtT9bcxOpYBtpD2kCM6Sbzg4CausW/PKQ==

jsesc@^3.0.2:
  version "3.1.0"
  resolved "https://registry.yarnpkg.com/jsesc/-/jsesc-3.1.0.tgz#74d335a234f67ed19907fdadfac7ccf9d409825d"
  integrity sha512-/sM3dO2FOzXjKQhJuo0Q173wf2KOo8t4I8vHy6lF9poUp7bKT0/NHE8fPX23PwfhnykfqnC2xRxOnVw5XuGIaA==

loose-envify@^1.0.0:
  version "1.4.0"
  resolved "https://registry.yarnpkg.com/loose-envify/-/loose-envify-1.4.0.tgz#71ee51fa7be4caec1a63839f7e682d8132d30caf"
  integrity sha512-lyuxPGr/Wfhrlem2CL/UcnUc1zcqKAImBDzukY7Y5F/yQiNdko6+fRLevlw1HgMySw7f611UIY408EtxRSoK3Q==
  dependencies:
    js-tokens "^3.0.0 || ^4.0.0"

ms@^2.1.3:
  version "2.1.3"
  resolved "https://registry.yarnpkg.com/ms/-/ms-2.1.3.tgz#574c8138ce1d2b5861f0b44579dbadd60c6615b2"
  integrity sha512-6FlzubTLZG3J2a/NVCAleEhjzq5oxgHyaCU9yYXvcLsvoVaHJq/s5xXI6/XXP6tz7R9xAOtHnSO/tXtF3WRTlA==

node-fetch@^2.7.0:
  version "2.7.0"
  resolved "https://registry.yarnpkg.com/node-fetch/-/node-fetch-2.7.0.tgz#d0f0fa6e3e2dc1d27efcd8ad99d550bda94d187d"
  integrity sha512-c4FRfUm/dbcWZ7U+1Wq0AwCyFL+3nt2bEw05wfxSz+DWpWsitgmSgYmy2dQdWyKC1694ELPqMs/YzUSNozLt8A==
  dependencies:
    whatwg-url "^5.0.0"

object-assign@^4.1.0:
  version "4.1.1"
  resolved "https://registry.yarnpkg.com/object-assign/-/object-assign-4.1.1.tgz#2109adc7965887cfc05cbbd442cac8bfbb360863"
  integrity sha512-rJgTQnkUnH1sFw8yT6VSU3zD3sWmu6sZhIseY8VX+GRu3P6F7Fu+JNDoXfklElbLJSnc3FUQHVe4cU5hj+BcUg==

picocolors@^1.1.1:
  version "1.1.1"
  resolved "https://registry.yarnpkg.com/picocolors/-/picocolors-1.1.1.tgz#3d321af3eab939b083c8f929a1d12cda81c26b6b"
  integrity sha512-xceH2snhtb5M9liqDsmEw56le376mTZkEX/jEb/RxNFyegNul7eNslCXP9FDj/Lcu0X8KEyMceP2ntpaHrDEVA==

promise@^7.1.1:
  version "7.3.1"
  resolved "https://registry.yarnpkg.com/promise/-/promise-7.3.1.tgz#064b72602b18f90f29192b8b1bc418ffd1ebd3bf"
  integrity sha512-nolQXZ/4L+bP/UGlkfaIujX9BKxGwmQ9OT4mOt5yvy8iK1h3wqTEJCijzGANTCCl9nWjY41juyAn2K3Q1hLLTg==
  dependencies:
    asap "~2.0.3"

react-dom@^19.2.3:
  version "19.2.4"
  resolved "https://registry.yarnpkg.com/react-dom/-/react-dom-19.2.4.tgz#6fac6bd96f7db477d966c7ec17c1a2b1ad8e6591"
  integrity sha512-AXJdLo8kgMbimY95O2aKQqsz2iWi9jMgKJhRBAxECE4IFxfcazB2LmzloIoibJI3C12IlY20+KFaLv+71bUJeQ==
  dependencies:
    scheduler "^0.27.0"

react@^19.2.3:
  version "19.2.4"
  resolved "https://registry.yarnpkg.com/react/-/react-19.2.4.tgz#438e57baa19b77cb23aab516cf635cd0579ee09a"
  integrity sha512-9nfp2hYpCwOjAN+8TZFGhtWEwgvWHXqESH8qT89AT/lWklpLON22Lc8pEtnpsZz7VmawabSU0gCjnj8aC0euHQ==

relay-compiler@^20.1.1:
  version "20.1.1"
  resolved "https://registry.yarnpkg.com/relay-compiler/-/relay-compiler-20.1.1.tgz#91914a1f6386f2e20b35c22516a0c6d80dfa630d"
  integrity sha512-J/FFFLS/3vnbDkyQMw8l3Ev7dNHXMgC1RAs0fITz4Q63TFPOw142knKxY1Mm5ZZBABkAs9g2JghXaqM+phwTxw==

scheduler@^0.27.0:
  version "0.27.0"
  resolved "https://registry.yarnpkg.com/scheduler/-/scheduler-0.27.0.tgz#0c4ef82d67d1e5c1e359e8fc76d3a87f045fe5bd"
  integrity sha512-eNv+WrVbKu1f3vbYJT/xtiF5syA5HPIMtf9IgY/nKg0sWqzAUEvqY/xm7OcZc/qafLx/iO9FgOmeSAp4v5ti/Q==

semver@^6.3.1:
  version "6.3.1"
  resolved "https://registry.yarnpkg.com/semver/-/semver-6.3.1.tgz#556d2ef8689146e46dcea4bfdd095f3434dffcb4"
  integrity sha512-BR7VvDCVHO+q2xBEWskxS6DJE1qRnb7DxzUrogb71CWoSficBxYsiAGd+Kl0mmq/MprG9yArRkyrQxTO6XjMzA==

semver@^7.7.2:
  version "7.7.4"
  resolved "https://registry.yarnpkg.com/semver/-/semver-7.7.4.tgz#28464e36060e991fa7a11d0279d2d3f3b57a7e8a"
  integrity sha512-vFKC2IEtQnVhpT78h1Yp8wzwrf8CM+MzKMHGJZfBtzhZNycRFnXsHk6E5TxIkkMsgNS7mdX3AGB7x2QM2di4lA==

setimmediate@^1.0.5:
  version "1.0.5"
  resolved "https://registry.yarnpkg.com/setimmediate/-/setimmediate-1.0.5.tgz#290cbb232e306942d7d7ea9b83732ab7856f8285"
  integrity sha512-MATJdZp8sLqDl/68LfQmbP8zKPLQNV6BIZoIgrscFDQ+RsvK/BxeDQOgyxKKoh0y/8h3BqVFnCqQ/gd+reiIXA==

tr46@~0.0.3:
  version "0.0.3"
  resolved "https://registry.yarnpkg.com/tr46/-/tr46-0.0.3.tgz#8184fd347dac9cdc185992f3a6622e14b9d9ab6a"
  integrity sha512-N3WMsuqV66lT30CrXNbEjx4GEwlow3v6rr4mCcv6prnfwhS01rkgyFdjPNBYd9br7LpXV1+Emh01fHnq2Gdgrw==

typescript@5.9.2:
  version "5.9.2"
  resolved "https://registry.yarnpkg.com/typescript/-/typescript-5.9.2.tgz#d93450cddec5154a2d5cabe3b8102b83316fb2a6"
  integrity sha512-CWBzXQrc/qOkhidw1OzBTQuYRbfyxDXJMVJ1XNwUHGROVmuaeiEm3OslpZ1RV96d7SKKjZKrSJu3+t/xlw3R9A==

typescript@^5.9.3:
  version "5.9.3"
  resolved "https://registry.yarnpkg.com/typescript/-/typescript-5.9.3.tgz#5b4f59e15310ab17a216f5d6cf53ee476ede670f"
  integrity sha512-jl1vZzPDinLr9eUt3J/t7V6FgNEw9QjvBPdysz9KfQDD41fQrC2Y4vKQdiaUpFT4bXlb1RHhLpp8wtm6M5TgSw==

ua-parser-js@^1.0.35:
  version "1.0.41"
  resolved "https://registry.yarnpkg.com/ua-parser-js/-/ua-parser-js-1.0.41.tgz#bd04dc9ec830fcf9e4fad35cf22dcedd2e3b4e9c"
  integrity sha512-LbBDqdIC5s8iROCUjMbW1f5dJQTEFB1+KO9ogbvlb3nm9n4YHa5p4KTvFPWvh2Hs8gZMBuiB1/8+pdfe/tDPug==

webidl-conversions@^3.0.0:
  version "3.0.1"
  resolved "https://registry.yarnpkg.com/webidl-conversions/-/webidl-conversions-3.0.1.tgz#24534275e2a7bc6be7bc86611cc16ae0a5654871"
  integrity sha512-2JAn3z8AR6rjK8Sm8orRC0h/bcl/DqL7tRPdGZ4I1CjdF+EaMLmYxBHyXuKL849eucPFhvBoxMsflfOb8kxaeQ==

whatwg-url@^5.0.0:
  version "5.0.0"
  resolved "https://registry.yarnpkg.com/whatwg-url/-/whatwg-url-5.0.0.tgz#966454e8765462e37644d3626f6742ce8b70965d"
  integrity sha512-saE57nupxk6v3HY35+jzBwYa0rKSy0XR8JSxZPwgLr7ys0IBzhGviA1/TUGJLmSVqs8pb9AnvICXEuOHLprYTw==
  dependencies:
    tr46 "~0.0.3"
    webidl-conversions "^3.0.0"
