# This file is automatically @generated by Cargo.
# It is not intended for manual editing.
version = 3

[[package]]
name = "Inflector"
version = "0.11.4"
source = "registry+https://github.com/rust-lang/crates.io-index"
checksum = "fe438c63458706e03479442743baae6c88256498e6431708f6dfc520a26515d3"
dependencies = [
 "lazy_static",
 "regex",
]

[[package]]
name = "aho-corasick"
version = "0.7.18"
source = "registry+https://github.com/rust-lang/crates.io-index"
checksum = "1e37cfd5e7657ada45f742d6e99ca5788580b5c529dc78faf11ece6dc702656f"
dependencies = [
 "memchr",
]

[[package]]
name = "ansi_term"
version = "0.11.0"
source = "registry+https://github.com/rust-lang/crates.io-index"
checksum = "ee49baf6cb617b853aa8d93bf420db2383fab46d314482ca2803b40d5fde979b"
dependencies = [
 "winapi",
]

[[package]]
name = "anyhow"
version = "1.0.42"
source = "registry+https://github.com/rust-lang/crates.io-index"
checksum = "595d3cfa7a60d4555cb5067b99f07142a08ea778de5cf993f7b75c7d8fabc486"

[[package]]
name = "assert_matches"
version = "1.5.0"
source = "registry+https://github.com/rust-lang/crates.io-index"
checksum = "9b34d609dfbaf33d6889b2b7106d3ca345eacad44200913df5ba02bfd31d2ba9"

[[package]]
name = "async-trait"
version = "0.1.51"
source = "registry+https://github.com/rust-lang/crates.io-index"
checksum = "44318e776df68115a881de9a8fd1b9e53368d7a4a5ce4cc48517da3393233a5e"
dependencies = [
 "proc-macro2",
 "quote",
 "syn",
]

[[package]]
name = "atty"
version = "0.2.14"
source = "registry+https://github.com/rust-lang/crates.io-index"
checksum = "d9b39be18770d11421cdb1b9947a45dd3f37e93092cbf377614828a319d5fee8"
dependencies = [
 "hermit-abi",
 "libc",
 "winapi",
]

[[package]]
name = "autocfg"
version = "1.0.1"
source = "registry+https://github.com/rust-lang/crates.io-index"
checksum = "cdb031dd78e28731d87d56cc8ffef4a8f36ca26c38fe2de700543e627f8a464a"

[[package]]
name = "beef"
version = "0.4.4"
source = "registry+https://github.com/rust-lang/crates.io-index"
checksum = "474a626a67200bd107d44179bb3d4fc61891172d11696609264589be6a0e6a43"

[[package]]
name = "bincode"
version = "1.3.3"
source = "registry+https://github.com/rust-lang/crates.io-index"
checksum = "b1f45e9417d87227c7a56d22e471c6206462cba514c7590c09aff4cf6d1ddcad"
dependencies = [
 "serde",
]

[[package]]
name = "bitflags"
version = "1.2.1"
source = "registry+https://github.com/rust-lang/crates.io-index"
checksum = "cf1de2fe8c75bc145a2f577add951f8134889b4795d47466a54a5c846d691693"

[[package]]
name = "block-buffer"
version = "0.7.3"
source = "registry+https://github.com/rust-lang/crates.io-index"
checksum = "c0940dc441f31689269e10ac70eb1002a3a1d3ad1390e030043662eb7fe4688b"
dependencies = [
 "block-padding",
 "byte-tools",
 "byteorder",
 "generic-array",
]

[[package]]
name = "block-padding"
version = "0.1.5"
source = "registry+https://github.com/rust-lang/crates.io-index"
checksum = "fa79dedbb091f449f1f39e53edf88d5dbe95f895dae6135a8d7b881fb5af73f5"
dependencies = [
 "byte-tools",
]

[[package]]
name = "byte-tools"
version = "0.3.1"
source = "registry+https://github.com/rust-lang/crates.io-index"
checksum = "e3b5ca7a04898ad4bcd41c90c5285445ff5b791899bb1b0abdd2a2aa791211d7"

[[package]]
name = "byteorder"
version = "1.3.4"
source = "registry+https://github.com/rust-lang/crates.io-index"
checksum = "08c48aae112d48ed9f069b33538ea9e3e90aa263cfa3d1c24309612b1f7472de"

[[package]]
name = "bytes"
version = "0.4.12"
source = "registry+https://github.com/rust-lang/crates.io-index"
checksum = "206fdffcfa2df7cbe15601ef46c813fce0965eb3286db6b56c583b814b51c81c"
dependencies = [
 "byteorder",
 "iovec",
]

[[package]]
name = "bytes"
version = "1.0.1"
source = "registry+https://github.com/rust-lang/crates.io-index"
checksum = "b700ce4376041dcd0a327fd0097c41095743c4c8af8887265942faf1100bd040"
dependencies = [
 "serde",
]

[[package]]
name = "cc"
version = "1.0.67"
source = "registry+https://github.com/rust-lang/crates.io-index"
checksum = "e3c69b077ad434294d3ce9f1f6143a2a4b89a8a2d54ef813d85003a4fd1137fd"
dependencies = [
 "jobserver",
]

[[package]]
name = "cfg-if"
version = "0.1.10"
source = "registry+https://github.com/rust-lang/crates.io-index"
checksum = "4785bdd1c96b2a846b2bd7cc02e86b6b3dbf14e7e53446c4f54c92a361040822"

[[package]]
name = "cfg-if"
version = "1.0.0"
source = "registry+https://github.com/rust-lang/crates.io-index"
checksum = "baf1de4339761588bc0619e3cbc0120ee582ebb74b53b4efbf79117bd2da40fd"

[[package]]
name = "clap"
version = "2.33.3"
source = "registry+https://github.com/rust-lang/crates.io-index"
checksum = "37e58ac78573c40708d45522f0d80fa2f01cc4f9b4e2bf749807255454312002"
dependencies = [
 "ansi_term",
 "atty",
 "bitflags",
 "strsim 0.8.0",
 "textwrap",
 "unicode-width",
 "vec_map",
]

[[package]]
name = "cloudabi"
version = "0.0.3"
source = "registry+https://github.com/rust-lang/crates.io-index"
checksum = "ddfc5b9aa5d4507acaf872de71051dfd0e309860e88966e1051e462a077aac4f"
dependencies = [
 "bitflags",
]

[[package]]
name = "colored"
version = "1.9.3"
source = "registry+https://github.com/rust-lang/crates.io-index"
checksum = "f4ffc801dacf156c5854b9df4f425a626539c3a6ef7893cc0c5084a23f0b6c59"
dependencies = [
 "atty",
 "lazy_static",
 "winapi",
]

[[package]]
name = "common"
version = "0.0.0"
dependencies = [
 "colored",
 "indexmap",
 "interner",
 "log",
 "lsp-types",
 "md-5",
 "rayon",
 "serde",
]

[[package]]
name = "core-foundation"
version = "0.9.1"
source = "registry+https://github.com/rust-lang/crates.io-index"
checksum = "0a89e2ae426ea83155dccf10c0fa6b1463ef6d5fcb44cee0b224a408fa640a62"
dependencies = [
 "core-foundation-sys",
 "libc",
]

[[package]]
name = "core-foundation-sys"
version = "0.8.2"
source = "registry+https://github.com/rust-lang/crates.io-index"
checksum = "ea221b5284a47e40033bf9b66f35f984ec0ea2931eb03505246cd27a963f981b"

[[package]]
name = "crossbeam"
version = "0.8.1"
source = "registry+https://github.com/rust-lang/crates.io-index"
checksum = "4ae5588f6b3c3cb05239e90bd110f257254aecd01e4635400391aeae07497845"
dependencies = [
 "cfg-if 1.0.0",
 "crossbeam-channel",
 "crossbeam-deque",
 "crossbeam-epoch",
 "crossbeam-queue",
 "crossbeam-utils",
]

[[package]]
name = "crossbeam-channel"
version = "0.5.0"
source = "registry+https://github.com/rust-lang/crates.io-index"
checksum = "dca26ee1f8d361640700bde38b2c37d8c22b3ce2d360e1fc1c74ea4b0aa7d775"
dependencies = [
 "cfg-if 1.0.0",
 "crossbeam-utils",
]

[[package]]
name = "crossbeam-deque"
version = "0.8.0"
source = "registry+https://github.com/rust-lang/crates.io-index"
checksum = "94af6efb46fef72616855b036a624cf27ba656ffc9be1b9a3c931cfc7749a9a9"
dependencies = [
 "cfg-if 1.0.0",
 "crossbeam-epoch",
 "crossbeam-utils",
]

[[package]]
name = "crossbeam-epoch"
version = "0.9.5"
source = "registry+https://github.com/rust-lang/crates.io-index"
checksum = "4ec02e091aa634e2c3ada4a392989e7c3116673ef0ac5b72232439094d73b7fd"
dependencies = [
 "cfg-if 1.0.0",
 "crossbeam-utils",
 "lazy_static",
 "memoffset",
 "scopeguard",
]

[[package]]
name = "crossbeam-queue"
version = "0.3.2"
source = "registry+https://github.com/rust-lang/crates.io-index"
checksum = "9b10ddc024425c88c2ad148c1b0fd53f4c6d38db9697c9f1588381212fa657c9"
dependencies = [
 "cfg-if 1.0.0",
 "crossbeam-utils",
]

[[package]]
name = "crossbeam-utils"
version = "0.8.5"
source = "registry+https://github.com/rust-lang/crates.io-index"
checksum = "d82cfc11ce7f2c3faef78d8a684447b40d503d9681acebed6cb728d45940c4db"
dependencies = [
 "cfg-if 1.0.0",
 "lazy_static",
]

[[package]]
name = "ctor"
version = "0.1.19"
source = "registry+https://github.com/rust-lang/crates.io-index"
checksum = "e8f45d9ad417bcef4817d614a501ab55cdd96a6fdb24f49aab89a54acfd66b19"
dependencies = [
 "quote",
 "syn",
]

[[package]]
name = "dashmap"
version = "4.0.2"
source = "registry+https://github.com/rust-lang/crates.io-index"
checksum = "e77a43b28d0668df09411cb0bc9a8c2adc40f9a048afe863e05fd43251e8e39c"
dependencies = [
 "cfg-if 1.0.0",
 "num_cpus",
 "rayon",
 "serde",
]

[[package]]
name = "dependency-analyzer"
version = "0.0.0"
dependencies = [
 "common",
 "fixture-tests",
 "fnv",
 "graphql-ir",
 "graphql-syntax",
 "interner",
 "relay-test-schema",
 "relay-transforms",
 "schema",
]

[[package]]
name = "diff"
version = "0.1.12"
source = "registry+https://github.com/rust-lang/crates.io-index"
checksum = "0e25ea47919b1560c4e3b7fe0aaab9becf5b84a10325ddf7db0f0ba5e1026499"

[[package]]
name = "digest"
version = "0.8.1"
source = "registry+https://github.com/rust-lang/crates.io-index"
checksum = "f3d0c8c8752312f9713efd397ff63acb9f85585afbf179282e720e7704954dd5"
dependencies = [
 "generic-array",
]

[[package]]
name = "either"
version = "1.6.1"
source = "registry+https://github.com/rust-lang/crates.io-index"
checksum = "e78d4f1cc4ae33bbfc157ed5d5a5ef3bc29227303d595861deb238fcec4e9457"

[[package]]
name = "env_logger"
version = "0.7.1"
source = "registry+https://github.com/rust-lang/crates.io-index"
checksum = "44533bbbb3bb3c1fa17d9f2e4e38bbbaf8396ba82193c4cb1b6445d711445d36"
dependencies = [
 "atty",
 "humantime",
 "log",
 "regex",
 "termcolor",
]

[[package]]
name = "errors"
version = "0.0.0"
dependencies = [
 "common",
]

[[package]]
name = "extract-graphql"
version = "0.0.0"
dependencies = [
 "fixture-tests",
 "graphql-syntax",
]

[[package]]
name = "fake-simd"
version = "0.1.2"
source = "registry+https://github.com/rust-lang/crates.io-index"
checksum = "e88a8acf291dafb59c2d96e8f59828f3838bb1a70398823ade51a84de6a6deed"

[[package]]
name = "fixture-tests"
version = "0.0.0"
dependencies = [
 "colored",
 "diff",
 "lazy_static",
 "parking_lot 0.10.2",
 "signedsource",
 "structopt",
]

[[package]]
name = "flatbuffers"
version = "2.0.0"
source = "registry+https://github.com/rust-lang/crates.io-index"
checksum = "ef4c5738bcd7fad10315029c50026f83c9da5e4a21f8ed66826f43e0e2bde5f6"
dependencies = [
 "bitflags",
 "smallvec",
 "thiserror",
]

[[package]]
name = "fnv"
version = "1.0.7"
source = "registry+https://github.com/rust-lang/crates.io-index"
checksum = "3f9eec918d3f24069decb9af1554cad7c880e2da24a9afd88aca000531ab82c1"

[[package]]
name = "foreign-types"
version = "0.3.2"
source = "registry+https://github.com/rust-lang/crates.io-index"
checksum = "f6f339eb8adc052cd2ca78910fda869aefa38d22d5cb648e6485e4d3fc06f3b1"
dependencies = [
 "foreign-types-shared",
]

[[package]]
name = "foreign-types-shared"
version = "0.1.1"
source = "registry+https://github.com/rust-lang/crates.io-index"
checksum = "00b0228411908ca8685dba7fc2cdd70ec9990a6e753e89b6ac91a84c40fbaf4b"

[[package]]
name = "form_urlencoded"
version = "1.0.1"
source = "registry+https://github.com/rust-lang/crates.io-index"
checksum = "5fc25a87fa4fd2094bffb06925852034d90a17f0d1e05197d4956d3555752191"
dependencies = [
 "matches",
 "percent-encoding",
]

[[package]]
name = "futures"
version = "0.1.31"
source = "registry+https://github.com/rust-lang/crates.io-index"
checksum = "3a471a38ef8ed83cd6e40aa59c1ffe17db6855c18e3604d9c4ed8c08ebc28678"

[[package]]
name = "futures"
version = "0.3.13"
source = "registry+https://github.com/rust-lang/crates.io-index"
checksum = "7f55667319111d593ba876406af7c409c0ebb44dc4be6132a783ccf163ea14c1"
dependencies = [
 "futures-channel",
 "futures-core",
 "futures-executor",
 "futures-io",
 "futures-sink",
 "futures-task",
 "futures-util",
]

[[package]]
name = "futures-channel"
version = "0.3.13"
source = "registry+https://github.com/rust-lang/crates.io-index"
checksum = "8c2dd2df839b57db9ab69c2c9d8f3e8c81984781937fe2807dc6dcf3b2ad2939"
dependencies = [
 "futures-core",
 "futures-sink",
]

[[package]]
name = "futures-core"
version = "0.3.13"
source = "registry+https://github.com/rust-lang/crates.io-index"
checksum = "15496a72fabf0e62bdc3df11a59a3787429221dd0710ba8ef163d6f7a9112c94"

[[package]]
name = "futures-executor"
version = "0.3.13"
source = "registry+https://github.com/rust-lang/crates.io-index"
checksum = "891a4b7b96d84d5940084b2a37632dd65deeae662c114ceaa2c879629c9c0ad1"
dependencies = [
 "futures-core",
 "futures-task",
 "futures-util",
]

[[package]]
name = "futures-io"
version = "0.3.13"
source = "registry+https://github.com/rust-lang/crates.io-index"
checksum = "d71c2c65c57704c32f5241c1223167c2c3294fd34ac020c807ddbe6db287ba59"

[[package]]
name = "futures-macro"
version = "0.3.13"
source = "registry+https://github.com/rust-lang/crates.io-index"
checksum = "ea405816a5139fb39af82c2beb921d52143f556038378d6db21183a5c37fbfb7"
dependencies = [
 "proc-macro-hack",
 "proc-macro2",
 "quote",
 "syn",
]

[[package]]
name = "futures-sink"
version = "0.3.13"
source = "registry+https://github.com/rust-lang/crates.io-index"
checksum = "85754d98985841b7d4f5e8e6fbfa4a4ac847916893ec511a2917ccd8525b8bb3"

[[package]]
name = "futures-task"
version = "0.3.13"
source = "registry+https://github.com/rust-lang/crates.io-index"
checksum = "fa189ef211c15ee602667a6fcfe1c1fd9e07d42250d2156382820fba33c9df80"

[[package]]
name = "futures-util"
version = "0.3.13"
source = "registry+https://github.com/rust-lang/crates.io-index"
checksum = "1812c7ab8aedf8d6f2701a43e1243acdbcc2b36ab26e2ad421eb99ac963d96d1"
dependencies = [
 "futures 0.1.31",
 "futures-channel",
 "futures-core",
 "futures-io",
 "futures-macro",
 "futures-sink",
 "futures-task",
 "memchr",
 "pin-project-lite",
 "pin-utils",
 "proc-macro-hack",
 "proc-macro-nested",
 "slab",
]

[[package]]
name = "generic-array"
version = "0.12.4"
source = "registry+https://github.com/rust-lang/crates.io-index"
checksum = "ffdf9f34f1447443d37393cc6c2b8313aebddcd96906caf34e54c68d8e57d7bd"
dependencies = [
 "typenum",
]

[[package]]
name = "getrandom"
version = "0.2.2"
source = "registry+https://github.com/rust-lang/crates.io-index"
checksum = "c9495705279e7140bf035dde1f6e750c162df8b625267cd52cc44e0b156732c8"
dependencies = [
 "cfg-if 1.0.0",
 "libc",
 "wasi",
]

[[package]]
name = "glob"
version = "0.3.0"
source = "registry+https://github.com/rust-lang/crates.io-index"
checksum = "9b919933a397b79c37e33b77bb2aa3dc8eb6e165ad809e58ff75bc7db2e34574"

[[package]]
name = "graphql-cli"
version = "0.0.0"
dependencies = [
 "colored",
 "common",
]

[[package]]
name = "graphql-ir"
version = "0.0.0"
dependencies = [
 "common",
 "errors",
 "fixture-tests",
 "fnv",
 "graphql-cli",
 "graphql-syntax",
 "indexmap",
 "interner",
 "lazy_static",
 "once_cell",
 "relay-test-schema",
 "schema",
 "strsim 0.10.0",
 "thiserror",
]

[[package]]
name = "graphql-syntax"
version = "0.0.0"
dependencies = [
 "common",
 "fixture-tests",
 "graphql-cli",
 "interner",
 "logos",
 "lsp-types",
 "serde",
 "thiserror",
]

[[package]]
name = "graphql-test-helpers"
version = "0.0.0"
dependencies = [
 "common",
 "fixture-tests",
 "graphql-cli",
 "graphql-ir",
 "graphql-syntax",
 "graphql-text-printer",
 "relay-test-schema",
]

[[package]]
name = "graphql-text-printer"
version = "0.0.0"
dependencies = [
 "common",
 "fixture-tests",
 "fnv",
 "graphql-ir",
 "graphql-syntax",
 "interner",
 "relay-test-schema",
 "schema",
]

[[package]]
name = "graphql-watchman"
version = "0.0.0"
dependencies = [
 "log",
 "serde",
 "serde_bser",
 "watchman_client",
]

[[package]]
name = "h2"
version = "0.3.3"
source = "registry+https://github.com/rust-lang/crates.io-index"
checksum = "825343c4eef0b63f541f8903f395dc5beb362a979b5799a84062527ef1e37726"
dependencies = [
 "bytes 1.0.1",
 "fnv",
 "futures-core",
 "futures-sink",
 "futures-util",
 "http",
 "indexmap",
 "slab",
 "tokio",
 "tokio-util",
 "tracing",
]

[[package]]
name = "hashbrown"
version = "0.11.2"
source = "registry+https://github.com/rust-lang/crates.io-index"
checksum = "ab5ef0d4909ef3724cc8cce6ccc8572c5c817592e9285f5464f8e86f8bd3726e"

[[package]]
name = "heck"
version = "0.3.2"
source = "registry+https://github.com/rust-lang/crates.io-index"
checksum = "87cbf45460356b7deeb5e3415b5563308c0a9b057c85e12b06ad551f98d0a6ac"
dependencies = [
 "unicode-segmentation",
]

[[package]]
name = "hermit-abi"
version = "0.1.18"
source = "registry+https://github.com/rust-lang/crates.io-index"
checksum = "322f4de77956e22ed0e5032c359a0f1273f1f7f0d79bfa3b8ffbc730d7fbcc5c"
dependencies = [
 "libc",
]

[[package]]
name = "hex"
version = "0.4.3"
source = "registry+https://github.com/rust-lang/crates.io-index"
checksum = "7f24254aa9a54b5c858eaee2f5bccdb46aaf0e486a595ed5fd8f86ba55232a70"

[[package]]
name = "http"
version = "0.2.3"
source = "registry+https://github.com/rust-lang/crates.io-index"
checksum = "7245cd7449cc792608c3c8a9eaf69bd4eabbabf802713748fd739c98b82f0747"
dependencies = [
 "bytes 1.0.1",
 "fnv",
 "itoa",
]

[[package]]
name = "http-body"
version = "0.4.0"
source = "registry+https://github.com/rust-lang/crates.io-index"
checksum = "2861bd27ee074e5ee891e8b539837a9430012e249d7f0ca2d795650f579c1994"
dependencies = [
 "bytes 1.0.1",
 "http",
]

[[package]]
name = "httparse"
version = "1.4.1"
source = "registry+https://github.com/rust-lang/crates.io-index"
checksum = "f3a87b616e37e93c22fb19bcd386f02f3af5ea98a25670ad0fce773de23c5e68"

[[package]]
name = "httpdate"
version = "1.0.1"
source = "registry+https://github.com/rust-lang/crates.io-index"
checksum = "6456b8a6c8f33fee7d958fcd1b60d55b11940a79e63ae87013e6d22e26034440"

[[package]]
name = "humantime"
version = "1.3.0"
source = "registry+https://github.com/rust-lang/crates.io-index"
checksum = "df004cfca50ef23c36850aaaa59ad52cc70d0e90243c3c7737a4dd32dc7a3c4f"
dependencies = [
 "quick-error",
]

[[package]]
name = "hyper"
version = "0.14.9"
source = "registry+https://github.com/rust-lang/crates.io-index"
checksum = "07d6baa1b441335f3ce5098ac421fb6547c46dda735ca1bc6d0153c838f9dd83"
dependencies = [
 "bytes 1.0.1",
 "futures-channel",
 "futures-core",
 "futures-util",
 "h2",
 "http",
 "http-body",
 "httparse",
 "httpdate",
 "itoa",
 "pin-project-lite",
 "socket2 0.4.0",
 "tokio",
 "tower-service",
 "tracing",
 "want",
]

[[package]]
name = "hyper-tls"
version = "0.5.0"
source = "registry+https://github.com/rust-lang/crates.io-index"
checksum = "d6183ddfa99b85da61a140bea0efc93fdf56ceaa041b37d553518030827f9905"
dependencies = [
 "bytes 1.0.1",
 "hyper",
 "native-tls",
 "tokio",
 "tokio-native-tls",
]

[[package]]
name = "idna"
version = "0.2.2"
source = "registry+https://github.com/rust-lang/crates.io-index"
checksum = "89829a5d69c23d348314a7ac337fe39173b61149a9864deabd260983aed48c21"
dependencies = [
 "matches",
 "unicode-bidi",
 "unicode-normalization",
]

[[package]]
name = "indexmap"
version = "1.7.0"
source = "registry+https://github.com/rust-lang/crates.io-index"
checksum = "bc633605454125dec4b66843673f01c7df2b89479b32e0ed634e43a91cff62a5"
dependencies = [
 "autocfg",
 "hashbrown",
 "rayon",
 "serde",
]

[[package]]
name = "instant"
version = "0.1.9"
source = "registry+https://github.com/rust-lang/crates.io-index"
checksum = "61124eeebbd69b8190558df225adf7e4caafce0d743919e5d6b19652314ec5ec"
dependencies = [
 "cfg-if 1.0.0",
]

[[package]]
name = "interner"
version = "0.0.0"
dependencies = [
 "fnv",
 "lazy_static",
 "once_cell",
 "parking_lot 0.10.2",
 "serde",
]

[[package]]
name = "iovec"
version = "0.1.4"
source = "registry+https://github.com/rust-lang/crates.io-index"
checksum = "b2b3ea6ff95e175473f8ffe6a7eb7c00d054240321b84c57051175fe3c1e075e"
dependencies = [
 "libc",
]

[[package]]
name = "itertools"
version = "0.10.1"
source = "registry+https://github.com/rust-lang/crates.io-index"
checksum = "69ddb889f9d0d08a67338271fa9b62996bc788c7796a5c18cf057420aaed5eaf"
dependencies = [
 "either",
]

[[package]]
name = "itoa"
version = "0.4.7"
source = "registry+https://github.com/rust-lang/crates.io-index"
checksum = "dd25036021b0de88a0aff6b850051563c6516d0bf53f8638938edbb9de732736"

[[package]]
name = "jobserver"
version = "0.1.24"
source = "registry+https://github.com/rust-lang/crates.io-index"
checksum = "af25a77299a7f711a01975c35a6a424eb6862092cc2d6c72c4ed6cbc56dfc1fa"
dependencies = [
 "libc",
]

[[package]]
name = "js-config-loader"
version = "0.0.0"
dependencies = [
 "serde",
 "serde_json",
 "tempfile",
 "thiserror",
]

[[package]]
name = "lazy_static"
version = "1.4.0"
source = "registry+https://github.com/rust-lang/crates.io-index"
checksum = "e2abad23fbc42b3700f2f279844dc832adb2b2eb069b2df918f455c4e18cc646"

[[package]]
name = "libc"
version = "0.2.88"
source = "registry+https://github.com/rust-lang/crates.io-index"
checksum = "03b07a082330a35e43f63177cc01689da34fbffa0105e1246cf0311472cac73a"

[[package]]
name = "lock_api"
version = "0.3.4"
source = "registry+https://github.com/rust-lang/crates.io-index"
checksum = "c4da24a77a3d8a6d4862d95f72e6fdb9c09a643ecdb402d754004a557f2bec75"
dependencies = [
 "scopeguard",
]

[[package]]
name = "lock_api"
version = "0.4.2"
source = "registry+https://github.com/rust-lang/crates.io-index"
checksum = "dd96ffd135b2fd7b973ac026d28085defbe8983df057ced3eb4f2130b0831312"
dependencies = [
 "scopeguard",
]

[[package]]
name = "log"
version = "0.4.14"
source = "registry+https://github.com/rust-lang/crates.io-index"
checksum = "51b9bbe6c47d51fc3e1a9b945965946b4c44142ab8792c50835a980d362c2710"
dependencies = [
 "cfg-if 1.0.0",
 "value-bag",
]

[[package]]
name = "logos"
version = "0.11.4"
source = "registry+https://github.com/rust-lang/crates.io-index"
checksum = "b91c49573597a5d6c094f9031617bb1fed15c0db68c81e6546d313414ce107e4"
dependencies = [
 "logos-derive",
]

[[package]]
name = "logos-derive"
version = "0.11.5"
source = "registry+https://github.com/rust-lang/crates.io-index"
checksum = "797b1f8a0571b331c1b47e7db245af3dc634838da7a92b3bef4e30376ae1c347"
dependencies = [
 "beef",
 "fnv",
 "proc-macro2",
 "quote",
 "regex-syntax",
 "syn",
 "utf8-ranges",
]

[[package]]
name = "lsp-server"
version = "0.5.2"
source = "registry+https://github.com/rust-lang/crates.io-index"
checksum = "c351c75989da23b355226dc188dc2b52538a7f4f218d70fd7393c6b62b110444"
dependencies = [
 "crossbeam-channel",
 "log",
 "serde",
 "serde_json",
]

[[package]]
name = "lsp-types"
version = "0.89.2"
source = "registry+https://github.com/rust-lang/crates.io-index"
checksum = "852e0dedfd52cc32325598b2631e0eba31b7b708959676a9f837042f276b09a2"
dependencies = [
 "bitflags",
 "serde",
 "serde_json",
 "serde_repr",
 "url",
]

[[package]]
name = "maplit"
version = "1.0.2"
source = "registry+https://github.com/rust-lang/crates.io-index"
checksum = "3e2e65a1a2e43cfcb47a895c4c8b10d1f4a61097f9f254f183aee60cad9c651d"

[[package]]
name = "matches"
version = "0.1.8"
source = "registry+https://github.com/rust-lang/crates.io-index"
checksum = "7ffc5c5338469d4d3ea17d269fa8ea3512ad247247c30bd2df69e68309ed0a08"

[[package]]
name = "md-5"
version = "0.8.0"
source = "registry+https://github.com/rust-lang/crates.io-index"
checksum = "a18af3dcaf2b0219366cdb4e2af65a6101457b415c3d1a5c71dd9c2b7c77b9c8"
dependencies = [
 "block-buffer",
 "digest",
 "opaque-debug",
]

[[package]]
name = "memchr"
version = "2.4.1"
source = "registry+https://github.com/rust-lang/crates.io-index"
checksum = "308cc39be01b73d0d18f82a0e7b2a3df85245f84af96fdddc5d202d27e47b86a"

[[package]]
name = "memoffset"
version = "0.6.1"
source = "registry+https://github.com/rust-lang/crates.io-index"
checksum = "157b4208e3059a8f9e78d559edc658e13df41410cb3ae03979c83130067fdd87"
dependencies = [
 "autocfg",
]

[[package]]
name = "mio"
version = "0.7.9"
source = "registry+https://github.com/rust-lang/crates.io-index"
checksum = "a5dede4e2065b3842b8b0af444119f3aa331cc7cc2dd20388bfb0f5d5a38823a"
dependencies = [
 "libc",
 "log",
 "miow",
 "ntapi",
 "winapi",
]

[[package]]
name = "miow"
version = "0.3.6"
source = "registry+https://github.com/rust-lang/crates.io-index"
checksum = "5a33c1b55807fbed163481b5ba66db4b2fa6cde694a5027be10fb724206c5897"
dependencies = [
 "socket2 0.3.19",
 "winapi",
]

[[package]]
name = "native-tls"
version = "0.2.7"
source = "registry+https://github.com/rust-lang/crates.io-index"
checksum = "b8d96b2e1c8da3957d58100b09f102c6d9cfdfced01b7ec5a8974044bb09dbd4"
dependencies = [
 "lazy_static",
 "libc",
 "log",
 "openssl",
 "openssl-probe",
 "openssl-sys",
 "schannel",
 "security-framework",
 "security-framework-sys",
 "tempfile",
]

[[package]]
name = "ntapi"
version = "0.3.6"
source = "registry+https://github.com/rust-lang/crates.io-index"
checksum = "3f6bb902e437b6d86e03cce10a7e2af662292c5dfef23b65899ea3ac9354ad44"
dependencies = [
 "winapi",
]

[[package]]
name = "num_cpus"
version = "1.13.0"
source = "registry+https://github.com/rust-lang/crates.io-index"
checksum = "05499f3756671c15885fee9034446956fff3f243d6077b91e5767df161f766b3"
dependencies = [
 "hermit-abi",
 "libc",
]

[[package]]
name = "once_cell"
version = "1.8.0"
source = "registry+https://github.com/rust-lang/crates.io-index"
checksum = "692fcb63b64b1758029e0a96ee63e049ce8c5948587f2f7208df04625e5f6b56"

[[package]]
name = "opaque-debug"
version = "0.2.3"
source = "registry+https://github.com/rust-lang/crates.io-index"
checksum = "2839e79665f131bdb5782e51f2c6c9599c133c6098982a54c794358bf432529c"

[[package]]
name = "openssl"
version = "0.10.32"
source = "registry+https://github.com/rust-lang/crates.io-index"
checksum = "038d43985d1ddca7a9900630d8cd031b56e4794eecc2e9ea39dd17aa04399a70"
dependencies = [
 "bitflags",
 "cfg-if 1.0.0",
 "foreign-types",
 "lazy_static",
 "libc",
 "openssl-sys",
]

[[package]]
name = "openssl-probe"
version = "0.1.2"
source = "registry+https://github.com/rust-lang/crates.io-index"
checksum = "77af24da69f9d9341038eba93a073b1fdaaa1b788221b00a69bce9e762cb32de"

[[package]]
name = "openssl-sys"
version = "0.9.60"
source = "registry+https://github.com/rust-lang/crates.io-index"
checksum = "921fc71883267538946025deffb622905ecad223c28efbfdef9bb59a0175f3e6"
dependencies = [
 "autocfg",
 "cc",
 "libc",
 "pkg-config",
 "vcpkg",
]

[[package]]
name = "ouroboros"
version = "0.8.2"
source = "registry+https://github.com/rust-lang/crates.io-index"
checksum = "217b1cea6c9a366538f0a7149612444ac4fc254bf48448785b83000df8542f90"
dependencies = [
 "ouroboros_macro",
 "stable_deref_trait",
]

[[package]]
name = "ouroboros_macro"
version = "0.8.2"
source = "registry+https://github.com/rust-lang/crates.io-index"
checksum = "415c757b9596114edb32bd5332565eeefba79a69eb3c374d9876801af5bebcd3"
dependencies = [
 "Inflector",
 "proc-macro-error",
 "proc-macro2",
 "quote",
 "syn",
]

[[package]]
name = "parking_lot"
version = "0.10.2"
source = "registry+https://github.com/rust-lang/crates.io-index"
checksum = "d3a704eb390aafdc107b0e392f56a82b668e3a71366993b5340f5833fd62505e"
dependencies = [
 "lock_api 0.3.4",
 "parking_lot_core 0.7.2",
]

[[package]]
name = "parking_lot"
version = "0.11.1"
source = "registry+https://github.com/rust-lang/crates.io-index"
checksum = "6d7744ac029df22dca6284efe4e898991d28e3085c706c972bcd7da4a27a15eb"
dependencies = [
 "instant",
 "lock_api 0.4.2",
 "parking_lot_core 0.8.3",
]

[[package]]
name = "parking_lot_core"
version = "0.7.2"
source = "registry+https://github.com/rust-lang/crates.io-index"
checksum = "d58c7c768d4ba344e3e8d72518ac13e259d7c7ade24167003b8488e10b6740a3"
dependencies = [
 "cfg-if 0.1.10",
 "cloudabi",
 "libc",
 "redox_syscall 0.1.57",
 "smallvec",
 "winapi",
]

[[package]]
name = "parking_lot_core"
version = "0.8.3"
source = "registry+https://github.com/rust-lang/crates.io-index"
checksum = "fa7a782938e745763fe6907fc6ba86946d72f49fe7e21de074e08128a99fb018"
dependencies = [
 "cfg-if 1.0.0",
 "instant",
 "libc",
 "redox_syscall 0.2.5",
 "smallvec",
 "winapi",
]

[[package]]
name = "percent-encoding"
version = "2.1.0"
source = "registry+https://github.com/rust-lang/crates.io-index"
checksum = "d4fd5641d01c8f18a23da7b6fe29298ff4b55afcccdf78973b24cf3175fee32e"

[[package]]
name = "persist-query"
version = "0.0.0"
dependencies = [
 "hyper",
 "hyper-tls",
 "serde",
 "serde_json",
 "thiserror",
 "url",
]

[[package]]
name = "pin-project-lite"
version = "0.2.6"
source = "registry+https://github.com/rust-lang/crates.io-index"
checksum = "dc0e1f259c92177c30a4c9d177246edd0a3568b25756a977d0632cf8fa37e905"

[[package]]
name = "pin-utils"
version = "0.1.0"
source = "registry+https://github.com/rust-lang/crates.io-index"
checksum = "8b870d8c151b6f2fb93e84a13146138f05d02ed11c7e7c54f8826aaaf7c9f184"

[[package]]
name = "pkg-config"
version = "0.3.19"
source = "registry+https://github.com/rust-lang/crates.io-index"
checksum = "3831453b3449ceb48b6d9c7ad7c96d5ea673e9b470a1dc578c2ce6521230884c"

[[package]]
name = "ppv-lite86"
version = "0.2.10"
source = "registry+https://github.com/rust-lang/crates.io-index"
checksum = "ac74c624d6b2d21f425f752262f42188365d7b8ff1aff74c82e45136510a4857"

[[package]]
name = "proc-macro-error"
version = "1.0.4"
source = "registry+https://github.com/rust-lang/crates.io-index"
checksum = "da25490ff9892aab3fcf7c36f08cfb902dd3e71ca0f9f9517bea02a73a5ce38c"
dependencies = [
 "proc-macro-error-attr",
 "proc-macro2",
 "quote",
 "syn",
 "version_check",
]

[[package]]
name = "proc-macro-error-attr"
version = "1.0.4"
source = "registry+https://github.com/rust-lang/crates.io-index"
checksum = "a1be40180e52ecc98ad80b184934baf3d0d29f979574e439af5a55274b35f869"
dependencies = [
 "proc-macro2",
 "quote",
 "version_check",
]

[[package]]
name = "proc-macro-hack"
version = "0.5.19"
source = "registry+https://github.com/rust-lang/crates.io-index"
checksum = "dbf0c48bc1d91375ae5c3cd81e3722dff1abcf81a30960240640d223f59fe0e5"

[[package]]
name = "proc-macro-nested"
version = "0.1.7"
source = "registry+https://github.com/rust-lang/crates.io-index"
checksum = "bc881b2c22681370c6a780e47af9840ef841837bc98118431d4e1868bd0c1086"

[[package]]
name = "proc-macro2"
version = "1.0.24"
source = "registry+https://github.com/rust-lang/crates.io-index"
checksum = "1e0704ee1a7e00d7bb417d0770ea303c1bccbabf0ef1667dae92b5967f5f8a71"
dependencies = [
 "unicode-xid",
]

[[package]]
name = "quick-error"
version = "1.2.3"
source = "registry+https://github.com/rust-lang/crates.io-index"
checksum = "a1d01941d82fa2ab50be1e79e6714289dd7cde78eba4c074bc5a4374f650dfe0"

[[package]]
name = "quote"
version = "1.0.9"
source = "registry+https://github.com/rust-lang/crates.io-index"
checksum = "c3d0b9745dc2debf507c8422de05d7226cc1f0644216dfdfead988f9b1ab32a7"
dependencies = [
 "proc-macro2",
]

[[package]]
name = "rand"
version = "0.8.3"
source = "registry+https://github.com/rust-lang/crates.io-index"
checksum = "0ef9e7e66b4468674bfcb0c81af8b7fa0bb154fa9f28eb840da5c447baeb8d7e"
dependencies = [
 "libc",
 "rand_chacha",
 "rand_core",
 "rand_hc",
]

[[package]]
name = "rand_chacha"
version = "0.3.0"
source = "registry+https://github.com/rust-lang/crates.io-index"
checksum = "e12735cf05c9e10bf21534da50a147b924d555dc7a547c42e6bb2d5b6017ae0d"
dependencies = [
 "ppv-lite86",
 "rand_core",
]

[[package]]
name = "rand_core"
version = "0.6.2"
source = "registry+https://github.com/rust-lang/crates.io-index"
checksum = "34cf66eb183df1c5876e2dcf6b13d57340741e8dc255b48e40a26de954d06ae7"
dependencies = [
 "getrandom",
]

[[package]]
name = "rand_hc"
version = "0.3.0"
source = "registry+https://github.com/rust-lang/crates.io-index"
checksum = "3190ef7066a446f2e7f42e239d161e905420ccab01eb967c9eb27d21b2322a73"
dependencies = [
 "rand_core",
]

[[package]]
name = "rayon"
version = "1.5.0"
source = "registry+https://github.com/rust-lang/crates.io-index"
checksum = "8b0d8e0819fadc20c74ea8373106ead0600e3a67ef1fe8da56e39b9ae7275674"
dependencies = [
 "autocfg",
 "crossbeam-deque",
 "either",
 "rayon-core",
]

[[package]]
name = "rayon-core"
version = "1.9.0"
source = "registry+https://github.com/rust-lang/crates.io-index"
checksum = "9ab346ac5921dc62ffa9f89b7a773907511cdfa5490c572ae9be1be33e8afa4a"
dependencies = [
 "crossbeam-channel",
 "crossbeam-deque",
 "crossbeam-utils",
 "lazy_static",
 "num_cpus",
]

[[package]]
name = "redox_syscall"
version = "0.1.57"
source = "registry+https://github.com/rust-lang/crates.io-index"
checksum = "41cc0f7e4d5d4544e8861606a285bb08d3e70712ccc7d2b84d7c0ccfaf4b05ce"

[[package]]
name = "redox_syscall"
version = "0.2.5"
source = "registry+https://github.com/rust-lang/crates.io-index"
checksum = "94341e4e44e24f6b591b59e47a8a027df12e008d73fd5672dbea9cc22f4507d9"
dependencies = [
 "bitflags",
]

[[package]]
name = "regex"
version = "1.5.4"
source = "registry+https://github.com/rust-lang/crates.io-index"
checksum = "d07a8629359eb56f1e2fb1652bb04212c072a87ba68546a04065d525673ac461"
dependencies = [
 "aho-corasick",
 "memchr",
 "regex-syntax",
]

[[package]]
name = "regex-syntax"
version = "0.6.25"
source = "registry+https://github.com/rust-lang/crates.io-index"
checksum = "f497285884f3fcff424ffc933e56d7cbca511def0c9831a7f9b5f6153e3cc89b"

[[package]]
name = "relay-codegen"
version = "0.0.0"
dependencies = [
 "common",
 "fixture-tests",
 "fnv",
 "graphql-ir",
 "graphql-syntax",
 "graphql-test-helpers",
 "hex",
 "indexmap",
 "interner",
 "lazy_static",
 "md-5",
 "relay-test-schema",
 "relay-transforms",
 "schema",
 "serde",
]

[[package]]
name = "relay-compiler"
version = "0.0.0"
dependencies = [
 "async-trait",
 "bincode",
 "common",
 "dashmap",
 "dependency-analyzer",
 "env_logger",
 "errors",
 "extract-graphql",
 "fixture-tests",
 "fnv",
 "futures 0.3.13",
 "glob",
 "graphql-cli",
 "graphql-ir",
 "graphql-syntax",
 "graphql-test-helpers",
 "graphql-text-printer",
 "graphql-watchman",
 "hex",
 "indexmap",
 "interner",
 "js-config-loader",
 "lazy_static",
 "log",
 "md-5",
 "persist-query",
 "rayon",
 "regex",
 "relay-codegen",
 "relay-schema",
 "relay-test-schema",
 "relay-transforms",
 "relay-typegen",
 "schema",
 "schema-diff",
 "serde",
 "serde_bser",
 "serde_json",
 "sha-1",
 "signedsource",
 "structopt",
 "thiserror",
 "tokio",
 "watchman_client",
 "zstd",
]

[[package]]
name = "relay-lsp"
version = "0.0.0"
dependencies = [
 "assert_matches",
 "common",
 "crossbeam",
 "dashmap",
 "extract-graphql",
 "fnv",
 "graphql-ir",
 "graphql-syntax",
 "graphql-text-printer",
 "graphql-watchman",
 "interner",
 "log",
 "lsp-server",
 "lsp-types",
 "percent-encoding",
 "rand",
 "rayon",
 "relay-compiler",
 "relay-test-schema",
 "relay-transforms",
 "schema",
 "schema-documentation",
 "schema-print",
 "serde",
 "serde_json",
 "tokio",
]

[[package]]
name = "relay-schema"
version = "0.0.0"
dependencies = [
 "common",
 "interner",
 "schema",
]

[[package]]
name = "relay-test-schema"
version = "0.0.0"
dependencies = [
 "common",
 "lazy_static",
 "relay-schema",
 "schema",
]

[[package]]
name = "relay-transforms"
version = "0.0.0"
dependencies = [
 "common",
 "dashmap",
 "errors",
 "fixture-tests",
 "fnv",
 "graphql-cli",
 "graphql-ir",
 "graphql-syntax",
 "graphql-test-helpers",
 "graphql-text-printer",
 "indexmap",
 "interner",
 "itertools",
 "lazy_static",
 "once_cell",
 "parking_lot 0.10.2",
 "regex",
 "relay-test-schema",
 "schema",
 "serde",
 "thiserror",
]

[[package]]
name = "relay-typegen"
version = "0.0.0"
dependencies = [
 "common",
 "fixture-tests",
 "fnv",
 "graphql-ir",
 "graphql-syntax",
 "indexmap",
 "interner",
 "itertools",
 "lazy_static",
 "relay-codegen",
 "relay-test-schema",
 "relay-transforms",
 "schema",
 "serde",
]

[[package]]
name = "remove_dir_all"
version = "0.5.3"
source = "registry+https://github.com/rust-lang/crates.io-index"
checksum = "3acd125665422973a33ac9d3dd2df85edad0f4ae9b00dafb1a05e43a9f5ef8e7"
dependencies = [
 "winapi",
]

[[package]]
name = "ryu"
version = "1.0.5"
source = "registry+https://github.com/rust-lang/crates.io-index"
checksum = "71d301d4193d031abdd79ff7e3dd721168a9572ef3fe51a1517aba235bd8f86e"

[[package]]
name = "schannel"
version = "0.1.19"
source = "registry+https://github.com/rust-lang/crates.io-index"
checksum = "8f05ba609c234e60bee0d547fe94a4c7e9da733d1c962cf6e59efa4cd9c8bc75"
dependencies = [
 "lazy_static",
 "winapi",
]

[[package]]
name = "schema"
version = "0.0.0"
dependencies = [
 "common",
 "dashmap",
 "fixture-tests",
 "flatbuffers",
 "fnv",
 "graphql-cli",
 "graphql-syntax",
 "interner",
 "lazy_static",
 "ouroboros",
 "schema-flatbuffer",
 "thiserror",
]

[[package]]
name = "schema-diff"
version = "0.0.0"
dependencies = [
 "common",
 "fnv",
 "graphql-syntax",
 "interner",
 "lazy_static",
 "schema",
]

[[package]]
name = "schema-documentation"
version = "0.0.0"
dependencies = [
 "interner",
 "schema",
]

[[package]]
name = "schema-flatbuffer"
version = "0.0.0"
dependencies = [
 "flatbuffers",
]

[[package]]
name = "schema-print"
version = "0.0.0"
dependencies = [
 "fixture-tests",
 "fnv",
 "interner",
 "itertools",
 "schema",
]

[[package]]
name = "schema-validate-lib"
version = "0.0.0"
dependencies = [
 "common",
 "fixture-tests",
 "fnv",
 "interner",
 "lazy_static",
 "rayon",
 "regex",
 "schema",
 "schema-print",
 "structopt",
 "thiserror",
]

[[package]]
name = "scopeguard"
version = "1.1.0"
source = "registry+https://github.com/rust-lang/crates.io-index"
checksum = "d29ab0c6d3fc0ee92fe66e2d99f700eab17a8d57d1c1d3b748380fb20baa78cd"

[[package]]
name = "security-framework"
version = "2.1.2"
source = "registry+https://github.com/rust-lang/crates.io-index"
checksum = "d493c5f39e02dfb062cd8f33301f90f9b13b650e8c1b1d0fd75c19dd64bff69d"
dependencies = [
 "bitflags",
 "core-foundation",
 "core-foundation-sys",
 "libc",
 "security-framework-sys",
]

[[package]]
name = "security-framework-sys"
version = "2.1.1"
source = "registry+https://github.com/rust-lang/crates.io-index"
checksum = "dee48cdde5ed250b0d3252818f646e174ab414036edb884dde62d80a3ac6082d"
dependencies = [
 "core-foundation-sys",
 "libc",
]

[[package]]
name = "serde"
version = "1.0.126"
source = "registry+https://github.com/rust-lang/crates.io-index"
checksum = "ec7505abeacaec74ae4778d9d9328fe5a5d04253220a85c4ee022239fc996d03"
dependencies = [
 "serde_derive",
]

[[package]]
name = "serde_bser"
version = "0.3.1"
source = "registry+https://github.com/rust-lang/crates.io-index"
checksum = "1b929ea725591083cbca8b8ea178ed6efc918eccd40b784e199ce88967104199"
dependencies = [
 "anyhow",
 "byteorder",
 "bytes 0.4.12",
 "serde",
 "thiserror",
]

[[package]]
name = "serde_derive"
version = "1.0.126"
source = "registry+https://github.com/rust-lang/crates.io-index"
checksum = "963a7dbc9895aeac7ac90e74f34a5d5261828f79df35cbed41e10189d3804d43"
dependencies = [
 "proc-macro2",
 "quote",
 "syn",
]

[[package]]
name = "serde_json"
version = "1.0.64"
source = "registry+https://github.com/rust-lang/crates.io-index"
checksum = "799e97dc9fdae36a5c8b8f2cae9ce2ee9fdce2058c57a93e6099d919fd982f79"
dependencies = [
 "itoa",
 "ryu",
 "serde",
]

[[package]]
name = "serde_repr"
version = "0.1.6"
source = "registry+https://github.com/rust-lang/crates.io-index"
checksum = "2dc6b7951b17b051f3210b063f12cc17320e2fe30ae05b0fe2a3abb068551c76"
dependencies = [
 "proc-macro2",
 "quote",
 "syn",
]

[[package]]
name = "sha-1"
version = "0.8.2"
source = "registry+https://github.com/rust-lang/crates.io-index"
checksum = "f7d94d0bede923b3cea61f3f1ff57ff8cdfd77b400fb8f9998949e0cf04163df"
dependencies = [
 "block-buffer",
 "digest",
 "fake-simd",
 "opaque-debug",
]

[[package]]
name = "signal-hook-registry"
version = "1.3.0"
source = "registry+https://github.com/rust-lang/crates.io-index"
checksum = "16f1d0fef1604ba8f7a073c7e701f213e056707210e9020af4528e0101ce11a6"
dependencies = [
 "libc",
]

[[package]]
name = "signedsource"
version = "0.0.0"
dependencies = [
 "hex",
 "lazy_static",
 "md-5",
 "regex",
]

[[package]]
name = "slab"
version = "0.4.2"
source = "registry+https://github.com/rust-lang/crates.io-index"
checksum = "c111b5bd5695e56cffe5129854aa230b39c93a305372fdbb2668ca2394eea9f8"

[[package]]
name = "smallvec"
version = "1.6.1"
source = "registry+https://github.com/rust-lang/crates.io-index"
checksum = "fe0f37c9e8f3c5a4a66ad655a93c74daac4ad00c441533bf5c6e7990bb42604e"

[[package]]
name = "socket2"
version = "0.3.19"
source = "registry+https://github.com/rust-lang/crates.io-index"
checksum = "122e570113d28d773067fab24266b66753f6ea915758651696b6e35e49f88d6e"
dependencies = [
 "cfg-if 1.0.0",
 "libc",
 "winapi",
]

[[package]]
name = "socket2"
version = "0.4.0"
source = "registry+https://github.com/rust-lang/crates.io-index"
checksum = "9e3dfc207c526015c632472a77be09cf1b6e46866581aecae5cc38fb4235dea2"
dependencies = [
 "libc",
 "winapi",
]

[[package]]
name = "stable_deref_trait"
version = "1.2.0"
source = "registry+https://github.com/rust-lang/crates.io-index"
checksum = "a8f112729512f8e442d81f95a8a7ddf2b7c6b8a1a6f509a95864142b30cab2d3"

[[package]]
name = "strsim"
version = "0.8.0"
source = "registry+https://github.com/rust-lang/crates.io-index"
checksum = "8ea5119cdb4c55b55d432abb513a0429384878c15dde60cc77b1c99de1a95a6a"

[[package]]
name = "strsim"
version = "0.10.0"
source = "registry+https://github.com/rust-lang/crates.io-index"
checksum = "73473c0e59e6d5812c5dfe2a064a6444949f089e20eec9a2e5506596494e4623"

[[package]]
name = "structopt"
version = "0.3.25"
source = "registry+https://github.com/rust-lang/crates.io-index"
checksum = "40b9788f4202aa75c240ecc9c15c65185e6a39ccdeb0fd5d008b98825464c87c"
dependencies = [
 "clap",
 "lazy_static",
 "structopt-derive",
]

[[package]]
name = "structopt-derive"
version = "0.4.18"
source = "registry+https://github.com/rust-lang/crates.io-index"
checksum = "dcb5ae327f9cc13b68763b5749770cb9e048a99bd9dfdfa58d0cf05d5f64afe0"
dependencies = [
 "heck",
 "proc-macro-error",
 "proc-macro2",
 "quote",
 "syn",
]

[[package]]
name = "syn"
version = "1.0.63"
source = "registry+https://github.com/rust-lang/crates.io-index"
checksum = "8fd9bc7ccc2688b3344c2f48b9b546648b25ce0b20fc717ee7fa7981a8ca9717"
dependencies = [
 "proc-macro2",
 "quote",
 "unicode-xid",
]

[[package]]
name = "tempfile"
version = "3.2.0"
source = "registry+https://github.com/rust-lang/crates.io-index"
checksum = "dac1c663cfc93810f88aed9b8941d48cabf856a1b111c29a40439018d870eb22"
dependencies = [
 "cfg-if 1.0.0",
 "libc",
 "rand",
 "redox_syscall 0.2.5",
 "remove_dir_all",
 "winapi",
]

[[package]]
name = "termcolor"
version = "1.1.2"
source = "registry+https://github.com/rust-lang/crates.io-index"
checksum = "2dfed899f0eb03f32ee8c6a0aabdb8a7949659e3466561fc0adf54e26d88c5f4"
dependencies = [
 "winapi-util",
]

[[package]]
name = "textwrap"
version = "0.11.0"
source = "registry+https://github.com/rust-lang/crates.io-index"
checksum = "d326610f408c7a4eb6f51c37c330e496b08506c9457c9d34287ecc38809fb060"
dependencies = [
 "unicode-width",
]

[[package]]
name = "thiserror"
version = "1.0.30"
source = "registry+https://github.com/rust-lang/crates.io-index"
checksum = "854babe52e4df1653706b98fcfc05843010039b406875930a70e4d9644e5c417"
dependencies = [
 "thiserror-impl",
]

[[package]]
name = "thiserror-impl"
version = "1.0.30"
source = "registry+https://github.com/rust-lang/crates.io-index"
checksum = "aa32fd3f627f367fe16f893e2597ae3c05020f8bba2666a4e6ea73d377e5714b"
dependencies = [
 "proc-macro2",
 "quote",
 "syn",
]

[[package]]
name = "tinyvec"
version = "1.1.1"
source = "registry+https://github.com/rust-lang/crates.io-index"
checksum = "317cca572a0e89c3ce0ca1f1bdc9369547fe318a683418e42ac8f59d14701023"
dependencies = [
 "tinyvec_macros",
]

[[package]]
name = "tinyvec_macros"
version = "0.1.0"
source = "registry+https://github.com/rust-lang/crates.io-index"
checksum = "cda74da7e1a664f795bb1f8a87ec406fb89a02522cf6e50620d016add6dbbf5c"

[[package]]
name = "tokio"
version = "1.13.0"
source = "registry+https://github.com/rust-lang/crates.io-index"
checksum = "588b2d10a336da58d877567cd8fb8a14b463e2104910f8132cd054b4b96e29ee"
dependencies = [
 "autocfg",
 "bytes 1.0.1",
 "libc",
 "memchr",
 "mio",
 "num_cpus",
 "once_cell",
 "parking_lot 0.11.1",
 "pin-project-lite",
 "signal-hook-registry",
 "tokio-macros",
 "tracing",
 "winapi",
]

[[package]]
name = "tokio-macros"
version = "1.1.0"
source = "registry+https://github.com/rust-lang/crates.io-index"
checksum = "caf7b11a536f46a809a8a9f0bb4237020f70ecbf115b842360afb127ea2fda57"
dependencies = [
 "proc-macro2",
 "quote",
 "syn",
]

[[package]]
name = "tokio-native-tls"
version = "0.3.0"
source = "registry+https://github.com/rust-lang/crates.io-index"
checksum = "f7d995660bd2b7f8c1568414c1126076c13fbb725c40112dc0120b78eb9b717b"
dependencies = [
 "native-tls",
 "tokio",
]

[[package]]
name = "tokio-util"
version = "0.6.4"
source = "registry+https://github.com/rust-lang/crates.io-index"
checksum = "ec31e5cc6b46e653cf57762f36f71d5e6386391d88a72fd6db4508f8f676fb29"
dependencies = [
 "bytes 1.0.1",
 "futures-core",
 "futures-io",
 "futures-sink",
 "log",
 "pin-project-lite",
 "slab",
 "tokio",
]

[[package]]
name = "tower-service"
version = "0.3.1"
source = "registry+https://github.com/rust-lang/crates.io-index"
checksum = "360dfd1d6d30e05fda32ace2c8c70e9c0a9da713275777f5a4dbb8a1893930c6"

[[package]]
name = "tracing"
version = "0.1.25"
source = "registry+https://github.com/rust-lang/crates.io-index"
checksum = "01ebdc2bb4498ab1ab5f5b73c5803825e60199229ccba0698170e3be0e7f959f"
dependencies = [
 "cfg-if 1.0.0",
 "pin-project-lite",
 "tracing-core",
]

[[package]]
name = "tracing-core"
version = "0.1.17"
source = "registry+https://github.com/rust-lang/crates.io-index"
checksum = "f50de3927f93d202783f4513cda820ab47ef17f624b03c096e86ef00c67e6b5f"
dependencies = [
 "lazy_static",
]

[[package]]
name = "try-lock"
version = "0.2.3"
source = "registry+https://github.com/rust-lang/crates.io-index"
checksum = "59547bce71d9c38b83d9c0e92b6066c4253371f15005def0c30d9657f50c7642"

[[package]]
name = "typenum"
version = "1.12.0"
source = "registry+https://github.com/rust-lang/crates.io-index"
checksum = "373c8a200f9e67a0c95e62a4f52fbf80c23b4381c05a17845531982fa99e6b33"

[[package]]
name = "unicode-bidi"
version = "0.3.4"
source = "registry+https://github.com/rust-lang/crates.io-index"
checksum = "49f2bd0c6468a8230e1db229cff8029217cf623c767ea5d60bfbd42729ea54d5"
dependencies = [
 "matches",
]

[[package]]
name = "unicode-normalization"
version = "0.1.17"
source = "registry+https://github.com/rust-lang/crates.io-index"
checksum = "07fbfce1c8a97d547e8b5334978438d9d6ec8c20e38f56d4a4374d181493eaef"
dependencies = [
 "tinyvec",
]

[[package]]
name = "unicode-segmentation"
version = "1.7.1"
source = "registry+https://github.com/rust-lang/crates.io-index"
checksum = "bb0d2e7be6ae3a5fa87eed5fb451aff96f2573d2694942e40543ae0bbe19c796"

[[package]]
name = "unicode-width"
version = "0.1.8"
source = "registry+https://github.com/rust-lang/crates.io-index"
checksum = "9337591893a19b88d8d87f2cec1e73fad5cdfd10e5a6f349f498ad6ea2ffb1e3"

[[package]]
name = "unicode-xid"
version = "0.2.1"
source = "registry+https://github.com/rust-lang/crates.io-index"
checksum = "f7fe0bb3479651439c9112f72b6c505038574c9fbb575ed1bf3b797fa39dd564"

[[package]]
name = "url"
version = "2.2.2"
source = "registry+https://github.com/rust-lang/crates.io-index"
checksum = "a507c383b2d33b5fc35d1861e77e6b383d158b2da5e14fe51b83dfedf6fd578c"
dependencies = [
 "form_urlencoded",
 "idna",
 "matches",
 "percent-encoding",
 "serde",
]

[[package]]
name = "utf8-ranges"
version = "1.0.4"
source = "registry+https://github.com/rust-lang/crates.io-index"
checksum = "b4ae116fef2b7fea257ed6440d3cfcff7f190865f170cdad00bb6465bf18ecba"

[[package]]
name = "value-bag"
version = "1.0.0-alpha.6"
source = "registry+https://github.com/rust-lang/crates.io-index"
checksum = "6b676010e055c99033117c2343b33a40a30b91fecd6c49055ac9cd2d6c305ab1"
dependencies = [
 "ctor",
]

[[package]]
name = "vcpkg"
version = "0.2.11"
source = "registry+https://github.com/rust-lang/crates.io-index"
checksum = "b00bca6106a5e23f3eee943593759b7fcddb00554332e856d990c893966879fb"

[[package]]
name = "vec_map"
version = "0.8.2"
source = "registry+https://github.com/rust-lang/crates.io-index"
checksum = "f1bddf1187be692e79c5ffeab891132dfb0f236ed36a43c7ed39f1165ee20191"

[[package]]
name = "version_check"
version = "0.9.2"
source = "registry+https://github.com/rust-lang/crates.io-index"
checksum = "b5a972e5669d67ba988ce3dc826706fb0a8b01471c088cb0b6110b805cc36aed"

[[package]]
name = "want"
version = "0.3.0"
source = "registry+https://github.com/rust-lang/crates.io-index"
checksum = "1ce8a968cb1cd110d136ff8b819a556d6fb6d919363c61534f6860c7eb172ba0"
dependencies = [
 "log",
 "try-lock",
]

[[package]]
name = "wasi"
version = "0.10.2+wasi-snapshot-preview1"
source = "registry+https://github.com/rust-lang/crates.io-index"
checksum = "fd6fbd9a79829dd1ad0cc20627bf1ed606756a7f77edff7b66b7064f9cb327c6"

[[package]]
name = "watchman_client"
version = "0.7.1"
source = "registry+https://github.com/rust-lang/crates.io-index"
checksum = "1afbab1186833c9b34f64132b80ed4b373ed4eab6f9efa1f55430835200f0a28"
dependencies = [
 "anyhow",
 "bytes 1.0.1",
 "futures 0.3.13",
 "maplit",
 "serde",
 "serde_bser",
 "thiserror",
 "tokio",
 "tokio-util",
 "winapi",
]

[[package]]
name = "winapi"
version = "0.3.9"
source = "registry+https://github.com/rust-lang/crates.io-index"
checksum = "5c839a674fcd7a98952e593242ea400abe93992746761e38641405d28b00f419"
dependencies = [
 "winapi-i686-pc-windows-gnu",
 "winapi-x86_64-pc-windows-gnu",
]

[[package]]
name = "winapi-i686-pc-windows-gnu"
version = "0.4.0"
source = "registry+https://github.com/rust-lang/crates.io-index"
checksum = "ac3b87c63620426dd9b991e5ce0329eff545bccbbb34f3be09ff6fb6ab51b7b6"

[[package]]
name = "winapi-util"
version = "0.1.5"
source = "registry+https://github.com/rust-lang/crates.io-index"
checksum = "70ec6ce85bb158151cae5e5c87f95a8e97d2c0c4b001223f33a334e3ce5de178"
dependencies = [
 "winapi",
]

[[package]]
name = "winapi-x86_64-pc-windows-gnu"
version = "0.4.0"
source = "registry+https://github.com/rust-lang/crates.io-index"
checksum = "712e227841d057c1ee1cd2fb22fa7e5a5461ae8e48fa2ca79ec42cfc1931183f"

[[package]]
name = "zstd"
version = "0.8.0+zstd.1.4.9"
source = "registry+https://github.com/rust-lang/crates.io-index"
checksum = "afab5e288c9e10bcd910b16ad82cb8028b74b09eccaa5ecd90621f99d3380735"
dependencies = [
 "zstd-safe",
]

[[package]]
name = "zstd-safe"
version = "4.0.0+zstd.1.4.9"
source = "registry+https://github.com/rust-lang/crates.io-index"
checksum = "81f02c0811d5455aa82c6bc400cffd8c882f3a2813f5e2245e2b264443305ab2"
dependencies = [
 "libc",
 "zstd-sys",
]

[[package]]
name = "zstd-sys"
version = "1.5.0+zstd.1.4.9"
source = "registry+https://github.com/rust-lang/crates.io-index"
checksum = "4e6c094340240369025fc6b731b054ee2a834328fa584310ac96aa4baebdc465"
dependencies = [
 "cc",
 "libc",
]
